
Microsoft Visual Studio Solution File, Format Version 12.00
# Visual Studio Version 17
VisualStudioVersion = 17.4.33110.190
MinimumVisualStudioVersion = 10.0.40219.1
Project("{FAE04EC0-301F-11D3-BF4B-00C04F79EFBC}") = "ComputerClub", "ComputerClub\ComputerClub.csproj", "{AD54508C-6450-4C42-B10E-B1AB105EC1CE}"
EndProject
Global
	GlobalSection(SolutionConfigurationPlatforms) = preSolution
		Debug|Any CPU = Debug|Any CPU
		Release|Any CPU = Release|Any CPU
	EndGlobalSection
	GlobalSection(ProjectConfigurationPlatforms) = postSolution
		{AD54508C-6450-4C42-B10E-B1AB105EC1CE}.Debug|Any CPU.ActiveCfg = Debug|Any CPU
		{AD54508C-6450-4C42-B10E-B1AB105EC1CE}.Debug|Any CPU.Build.0 = Debug|Any CPU
		{AD54508C-6450-4C42-B10E-B1AB105EC1CE}.Release|Any CPU.ActiveCfg = Release|Any CPU
		{AD54508C-6450-4C42-B10E-B1AB105EC1CE}.Release|Any CPU.Build.0 = Release|Any CPU
	EndGlobalSection
	GlobalSection(SolutionProperties) = preSolution
		HideSolutionNode = FALSE
	EndGlobalSection
	GlobalSection(ExtensibilityGlobals) = postSolution
		SolutionGuid = {BDBCB51D-D029-46D2-941E-1833F70C198F}
	EndGlobalSection
EndGlobal
